
Microsoft Visual Studio Solution File, Format Version 12.00
# Visual Studio Version 16
VisualStudioVersion = 16.0.31321.278
MinimumVisualStudioVersion = 10.0.40219.1
Project("{9A19103F-16F7-4668-BE54-9A1E7A4F7556}") = "CelestialObjects.Web", "CelestialObjects.Web\CelestialObjects.Web.csproj", "{67BB63A1-A19B-4A0A-A872-F4AE01D1D898}"
EndProject
Project("{9A19103F-16F7-4668-BE54-9A1E7A4F7556}") = "CelestialObjects.Data", "CelestialObjects.Data\CelestialObjects.Data.csproj", "{DA19A859-9206-40FC-92DD-DB621B058DB5}"
EndProject
Project("{FAE04EC0-301F-11D3-BF4B-00C04F79EFBC}") = "CelestialObjects.Web.UnitTests", "CelestialObjects.Web.UnitTests\CelestialObjects.Web.UnitTests.csproj", "{9C19235C-6E33-4104-AA6F-3C1BAC7FAE79}"
EndProject
Global
	GlobalSection(SolutionConfigurationPlatforms) = preSolution
		Debug|Any CPU = Debug|Any CPU
		Release|Any CPU = Release|Any CPU
	EndGlobalSection
	GlobalSection(ProjectConfigurationPlatforms) = postSolution
		{67BB63A1-A19B-4A0A-A872-F4AE01D1D898}.Debug|Any CPU.ActiveCfg = Debug|Any CPU
		{67BB63A1-A19B-4A0A-A872-F4AE01D1D898}.Debug|Any CPU.Build.0 = Debug|Any CPU
		{67BB63A1-A19B-4A0A-A872-F4AE01D1D898}.Release|Any CPU.ActiveCfg = Release|Any CPU
		{67BB63A1-A19B-4A0A-A872-F4AE01D1D898}.Release|Any CPU.Build.0 = Release|Any CPU
		{DA19A859-9206-40FC-92DD-DB621B058DB5}.Debug|Any CPU.ActiveCfg = Debug|Any CPU
		{DA19A859-9206-40FC-92DD-DB621B058DB5}.Debug|Any CPU.Build.0 = Debug|Any CPU
		{DA19A859-9206-40FC-92DD-DB621B058DB5}.Release|Any CPU.ActiveCfg = Release|Any CPU
		{DA19A859-9206-40FC-92DD-DB621B058DB5}.Release|Any CPU.Build.0 = Release|Any CPU
		{9C19235C-6E33-4104-AA6F-3C1BAC7FAE79}.Debug|Any CPU.ActiveCfg = Debug|Any CPU
		{9C19235C-6E33-4104-AA6F-3C1BAC7FAE79}.Debug|Any CPU.Build.0 = Debug|Any CPU
		{9C19235C-6E33-4104-AA6F-3C1BAC7FAE79}.Release|Any CPU.ActiveCfg = Release|Any CPU
		{9C19235C-6E33-4104-AA6F-3C1BAC7FAE79}.Release|Any CPU.Build.0 = Release|Any CPU
	EndGlobalSection
	GlobalSection(SolutionProperties) = preSolution
		HideSolutionNode = FALSE
	EndGlobalSection
	GlobalSection(ExtensibilityGlobals) = postSolution
		SolutionGuid = {317E5AE0-5B9B-4D29-BC0E-B7A577EF069C}
	EndGlobalSection
EndGlobal
